
Microsoft Visual Studio Solution File, Format Version 12.00
# Visual Studio Version 17
VisualStudioVersion = 17.0.32014.148
MinimumVisualStudioVersion = 10.0.40219.1
Project("{9A19103F-16F7-4668-BE54-9A1E7A4F7556}") = "IG.DevIO.UI", "IG.DevIO.UI\IG.DevIO.UI.csproj", "{34037B53-209F-41D9-9234-FC900C922F24}"
EndProject
Project("{9A19103F-16F7-4668-BE54-9A1E7A4F7556}") = "IG.DevIO.Services", "IG.DevIO.Services\IG.DevIO.Services.csproj", "{526B4FBE-4A95-4574-81B6-1FA8EBD6CE4C}"
EndProject
Project("{9A19103F-16F7-4668-BE54-9A1E7A4F7556}") = "IG.DevIO.Repositories", "IG.DevIO.Repositories\IG.DevIO.Repositories.csproj", "{23D9106C-C235-4809-B6DA-43B824C4C528}"
EndProject
Global
	GlobalSection(SolutionConfigurationPlatforms) = preSolution
		Debug|Any CPU = Debug|Any CPU
		Release|Any CPU = Release|Any CPU
	EndGlobalSection
	GlobalSection(ProjectConfigurationPlatforms) = postSolution
		{34037B53-209F-41D9-9234-FC900C922F24}.Debug|Any CPU.ActiveCfg = Debug|Any CPU
		{34037B53-209F-41D9-9234-FC900C922F24}.Debug|Any CPU.Build.0 = Debug|Any CPU
		{34037B53-209F-41D9-9234-FC900C922F24}.Release|Any CPU.ActiveCfg = Release|Any CPU
		{34037B53-209F-41D9-9234-FC900C922F24}.Release|Any CPU.Build.0 = Release|Any CPU
		{526B4FBE-4A95-4574-81B6-1FA8EBD6CE4C}.Debug|Any CPU.ActiveCfg = Debug|Any CPU
		{526B4FBE-4A95-4574-81B6-1FA8EBD6CE4C}.Debug|Any CPU.Build.0 = Debug|Any CPU
		{526B4FBE-4A95-4574-81B6-1FA8EBD6CE4C}.Release|Any CPU.ActiveCfg = Release|Any CPU
		{526B4FBE-4A95-4574-81B6-1FA8EBD6CE4C}.Release|Any CPU.Build.0 = Release|Any CPU
		{23D9106C-C235-4809-B6DA-43B824C4C528}.Debug|Any CPU.ActiveCfg = Debug|Any CPU
		{23D9106C-C235-4809-B6DA-43B824C4C528}.Debug|Any CPU.Build.0 = Debug|Any CPU
		{23D9106C-C235-4809-B6DA-43B824C4C528}.Release|Any CPU.ActiveCfg = Release|Any CPU
		{23D9106C-C235-4809-B6DA-43B824C4C528}.Release|Any CPU.Build.0 = Release|Any CPU
	EndGlobalSection
	GlobalSection(SolutionProperties) = preSolution
		HideSolutionNode = FALSE
	EndGlobalSection
	GlobalSection(ExtensibilityGlobals) = postSolution
		SolutionGuid = {734A064D-379C-41EB-9554-1AD80F4CAED4}
	EndGlobalSection
EndGlobal
